
Microsoft Visual Studio Solution File, Format Version 12.00
# Visual Studio Version 17
VisualStudioVersion = 17.1.32421.90
MinimumVisualStudioVersion = 10.0.40219.1
Project("{FAE04EC0-301F-11D3-BF4B-00C04F79EFBC}") = "16_7_1", "16_7_1.csproj", "{4CF604C1-A105-4362-B680-83F2C9978A46}"
EndProject
Project("{FAE04EC0-301F-11D3-BF4B-00C04F79EFBC}") = "Calculators.Test", "..\Calculators.Test\Calculators.Test.csproj", "{B6F0A418-0C7A-4867-B3D9-695A9455D959}"
EndProject
Global
	GlobalSection(SolutionConfigurationPlatforms) = preSolution
		Debug|Any CPU = Debug|Any CPU
		Release|Any CPU = Release|Any CPU
	EndGlobalSection
	GlobalSection(ProjectConfigurationPlatforms) = postSolution
		{4CF604C1-A105-4362-B680-83F2C9978A46}.Debug|Any CPU.ActiveCfg = Debug|Any CPU
		{4CF604C1-A105-4362-B680-83F2C9978A46}.Debug|Any CPU.Build.0 = Debug|Any CPU
		{4CF604C1-A105-4362-B680-83F2C9978A46}.Release|Any CPU.ActiveCfg = Release|Any CPU
		{4CF604C1-A105-4362-B680-83F2C9978A46}.Release|Any CPU.Build.0 = Release|Any CPU
		{B6F0A418-0C7A-4867-B3D9-695A9455D959}.Debug|Any CPU.ActiveCfg = Debug|Any CPU
		{B6F0A418-0C7A-4867-B3D9-695A9455D959}.Debug|Any CPU.Build.0 = Debug|Any CPU
		{B6F0A418-0C7A-4867-B3D9-695A9455D959}.Release|Any CPU.ActiveCfg = Release|Any CPU
		{B6F0A418-0C7A-4867-B3D9-695A9455D959}.Release|Any CPU.Build.0 = Release|Any CPU
	EndGlobalSection
	GlobalSection(SolutionProperties) = preSolution
		HideSolutionNode = FALSE
	EndGlobalSection
	GlobalSection(ExtensibilityGlobals) = postSolution
		SolutionGuid = {5EDDC2B5-9029-4C81-A540-D468D419C497}
	EndGlobalSection
EndGlobal
